// !$*UTF8*$!
{
	archiveVersion = 1;
	classes = {
	};
	objectVersion = 55;
	objects = {

/* Begin PBXBuildFile section */
		1F5532E5280354F1006B0EC7 /* GlobalFunctions.swift in Sources */ = {isa = PBXBuildFile; fileRef = 1F5532E4280354F1006B0EC7 /* GlobalFunctions.swift */; };
		1F5532E9280411B5006B0EC7 /* UIViewController+ErrorAlert.swift in Sources */ = {isa = PBXBuildFile; fileRef = 1F5532E8280411B5006B0EC7 /* UIViewController+ErrorAlert.swift */; };
		1F5532ED280415CB006B0EC7 /* RootViewController.swift in Sources */ = {isa = PBXBuildFile; fileRef = 1F5532EC280415CB006B0EC7 /* RootViewController.swift */; };
		1F5532F0280449DD006B0EC7 /* ViewControllerFactory.swift in Sources */ = {isa = PBXBuildFile; fileRef = 1F5532EF280449DD006B0EC7 /* ViewControllerFactory.swift */; };
		1F60600327F5A75300EF2551 /* UIActivityIndicatorView+Visibility.swift in Sources */ = {isa = PBXBuildFile; fileRef = 1F60600227F5A75300EF2551 /* UIActivityIndicatorView+Visibility.swift */; };
		1F833D6C27FDB4A2000DF4EA /* FavoritesTableViewController.swift in Sources */ = {isa = PBXBuildFile; fileRef = 1F833D6B27FDB4A2000DF4EA /* FavoritesTableViewController.swift */; };
		1FC8349E27E31FC300DA180C /* AppDelegate.swift in Sources */ = {isa = PBXBuildFile; fileRef = 1FC8349D27E31FC300DA180C /* AppDelegate.swift */; };
		1FC834A027E31FC300DA180C /* SceneDelegate.swift in Sources */ = {isa = PBXBuildFile; fileRef = 1FC8349F27E31FC300DA180C /* SceneDelegate.swift */; };
		1FC834A227E31FC300DA180C /* DadJokeViewController.swift in Sources */ = {isa = PBXBuildFile; fileRef = 1FC834A127E31FC300DA180C /* DadJokeViewController.swift */; };
		1FC834A527E31FC300DA180C /* Main.storyboard in Resources */ = {isa = PBXBuildFile; fileRef = 1FC834A327E31FC300DA180C /* Main.storyboard */; };
		1FC834AA27E31FC400DA180C /* Assets.xcassets in Resources */ = {isa = PBXBuildFile; fileRef = 1FC834A927E31FC400DA180C /* Assets.xcassets */; };
		1FC834AD27E31FC400DA180C /* LaunchScreen.storyboard in Resources */ = {isa = PBXBuildFile; fileRef = 1FC834AB27E31FC400DA180C /* LaunchScreen.storyboard */; };
		A5B307DD2818229D00210C2E /* CoreLayer in Frameworks */ = {isa = PBXBuildFile; productRef = A5B307DC2818229D00210C2E /* CoreLayer */; };
		A5B307DF2818229D00210C2E /* DatabaseLayer in Frameworks */ = {isa = PBXBuildFile; productRef = A5B307DE2818229D00210C2E /* DatabaseLayer */; };
		A5B307E12818229D00210C2E /* NetworkLayer in Frameworks */ = {isa = PBXBuildFile; productRef = A5B307E02818229D00210C2E /* NetworkLayer */; };
		A5B307E32818282D00210C2E /* ServiceContainer.swift in Sources */ = {isa = PBXBuildFile; fileRef = A5B307E22818282D00210C2E /* ServiceContainer.swift */; };
/* End PBXBuildFile section */

/* Begin PBXFileReference section */
		1F5532E4280354F1006B0EC7 /* GlobalFunctions.swift */ = {isa = PBXFileReference; lastKnownFileType = sourcecode.swift; path = GlobalFunctions.swift; sourceTree = "<group>"; };
		1F5532E8280411B5006B0EC7 /* UIViewController+ErrorAlert.swift */ = {isa = PBXFileReference; lastKnownFileType = sourcecode.swift; path = "UIViewController+ErrorAlert.swift"; sourceTree = "<group>"; };
		1F5532EC280415CB006B0EC7 /* RootViewController.swift */ = {isa = PBXFileReference; lastKnownFileType = sourcecode.swift; path = RootViewController.swift; sourceTree = "<group>"; };
		1F5532EF280449DD006B0EC7 /* ViewControllerFactory.swift */ = {isa = PBXFileReference; lastKnownFileType = sourcecode.swift; path = ViewControllerFactory.swift; sourceTree = "<group>"; };
		1F60600227F5A75300EF2551 /* UIActivityIndicatorView+Visibility.swift */ = {isa = PBXFileReference; lastKnownFileType = sourcecode.swift; path = "UIActivityIndicatorView+Visibility.swift"; sourceTree = "<group>"; };
		1F833D6B27FDB4A2000DF4EA /* FavoritesTableViewController.swift */ = {isa = PBXFileReference; lastKnownFileType = sourcecode.swift; path = FavoritesTableViewController.swift; sourceTree = "<group>"; };
		1FC8349A27E31FC300DA180C /* Dad Jokes.app */ = {isa = PBXFileReference; explicitFileType = wrapper.application; includeInIndex = 0; path = "Dad Jokes.app"; sourceTree = BUILT_PRODUCTS_DIR; };
		1FC8349D27E31FC300DA180C /* AppDelegate.swift */ = {isa = PBXFileReference; lastKnownFileType = sourcecode.swift; path = AppDelegate.swift; sourceTree = "<group>"; };
		1FC8349F27E31FC300DA180C /* SceneDelegate.swift */ = {isa = PBXFileReference; lastKnownFileType = sourcecode.swift; path = SceneDelegate.swift; sourceTree = "<group>"; };
		1FC834A127E31FC300DA180C /* DadJokeViewController.swift */ = {isa = PBXFileReference; lastKnownFileType = sourcecode.swift; path = DadJokeViewController.swift; sourceTree = "<group>"; };
		1FC834A427E31FC300DA180C /* Base */ = {isa = PBXFileReference; lastKnownFileType = file.storyboard; name = Base; path = Base.lproj/Main.storyboard; sourceTree = "<group>"; };
		1FC834A927E31FC400DA180C /* Assets.xcassets */ = {isa = PBXFileReference; lastKnownFileType = folder.assetcatalog; path = Assets.xcassets; sourceTree = "<group>"; };
		1FC834AC27E31FC400DA180C /* Base */ = {isa = PBXFileReference; lastKnownFileType = file.storyboard; name = Base; path = Base.lproj/LaunchScreen.storyboard; sourceTree = "<group>"; };
		1FC834AE27E31FC400DA180C /* Info.plist */ = {isa = PBXFileReference; lastKnownFileType = text.plist.xml; path = Info.plist; sourceTree = "<group>"; };
		A5B307E22818282D00210C2E /* ServiceContainer.swift */ = {isa = PBXFileReference; lastKnownFileType = sourcecode.swift; path = ServiceContainer.swift; sourceTree = "<group>"; };
		A5CFBEE52817F7C400CD8FC9 /* CoreLayer */ = {isa = PBXFileReference; lastKnownFileType = wrapper; path = CoreLayer; sourceTree = "<group>"; };
		A5CFBEEC281806AC00CD8FC9 /* DatabaseLayer */ = {isa = PBXFileReference; lastKnownFileType = wrapper; path = DatabaseLayer; sourceTree = "<group>"; };
		A5CFBEED28180CDC00CD8FC9 /* NetworkLayer */ = {isa = PBXFileReference; lastKnownFileType = wrapper; path = NetworkLayer; sourceTree = "<group>"; };
/* End PBXFileReference section */

/* Begin PBXFrameworksBuildPhase section */
		1FC8349727E31FC300DA180C /* Frameworks */ = {
			isa = PBXFrameworksBuildPhase;
			buildActionMask = 2147483647;
			files = (
				A5B307E12818229D00210C2E /* NetworkLayer in Frameworks */,
				A5B307DD2818229D00210C2E /* CoreLayer in Frameworks */,
				A5B307DF2818229D00210C2E /* DatabaseLayer in Frameworks */,
			);
			runOnlyForDeploymentPostprocessing = 0;
		};
/* End PBXFrameworksBuildPhase section */

/* Begin PBXGroup section */
		1F5532E328002AA6006B0EC7 /* UIKit */ = {
			isa = PBXGroup;
			children = (
				1F60600227F5A75300EF2551 /* UIActivityIndicatorView+Visibility.swift */,
				1F5532E8280411B5006B0EC7 /* UIViewController+ErrorAlert.swift */,
			);
			path = UIKit;
			sourceTree = "<group>";
		};
		1F5532EE2804482F006B0EC7 /* Factory */ = {
			isa = PBXGroup;
			children = (
				1F5532EF280449DD006B0EC7 /* ViewControllerFactory.swift */,
			);
			path = Factory;
			sourceTree = "<group>";
		};
		1F5AB50527FDBAD0006B4C84 /* Screens */ = {
			isa = PBXGroup;
			children = (
				1F5532EE2804482F006B0EC7 /* Factory */,
				1FC834A127E31FC300DA180C /* DadJokeViewController.swift */,
				1F833D6B27FDB4A2000DF4EA /* FavoritesTableViewController.swift */,
				1F5532EC280415CB006B0EC7 /* RootViewController.swift */,
			);
			path = Screens;
			sourceTree = "<group>";
		};
		1F5AB50627FDBAE6006B4C84 /* Resources */ = {
			isa = PBXGroup;
			children = (
				1FC834A327E31FC300DA180C /* Main.storyboard */,
				1FC834A927E31FC400DA180C /* Assets.xcassets */,
				1FC834AB27E31FC400DA180C /* LaunchScreen.storyboard */,
			);
			path = Resources;
			sourceTree = "<group>";
		};
		1F60600127F5A73500EF2551 /* Extensions */ = {
			isa = PBXGroup;
			children = (
				1F5532E328002AA6006B0EC7 /* UIKit */,
			);
			path = Extensions;
			sourceTree = "<group>";
		};
		1FC8349127E31FC300DA180C = {
			isa = PBXGroup;
			children = (
				A5CFBEE52817F7C400CD8FC9 /* CoreLayer */,
				A5CFBEEC281806AC00CD8FC9 /* DatabaseLayer */,
				A5CFBEED28180CDC00CD8FC9 /* NetworkLayer */,
				1FC8349C27E31FC300DA180C /* DadJokes */,
				1FC8349B27E31FC300DA180C /* Products */,
				A5CFBEC92816DE9600CD8FC9 /* Frameworks */,
			);
			sourceTree = "<group>";
		};
		1FC8349B27E31FC300DA180C /* Products */ = {
			isa = PBXGroup;
			children = (
				1FC8349A27E31FC300DA180C /* Dad Jokes.app */,
			);
			name = Products;
			sourceTree = "<group>";
		};
		1FC8349C27E31FC300DA180C /* DadJokes */ = {
			isa = PBXGroup;
			children = (
				1F5AB50527FDBAD0006B4C84 /* Screens */,
				1F60600127F5A73500EF2551 /* Extensions */,
				1F5AB50627FDBAE6006B4C84 /* Resources */,
				1FC8349D27E31FC300DA180C /* AppDelegate.swift */,
				1FC8349F27E31FC300DA180C /* SceneDelegate.swift */,
				1F5532E4280354F1006B0EC7 /* GlobalFunctions.swift */,
				A5B307E22818282D00210C2E /* ServiceContainer.swift */,
				1FC834AE27E31FC400DA180C /* Info.plist */,
			);
			path = DadJokes;
			sourceTree = "<group>";
		};
		A5CFBEC92816DE9600CD8FC9 /* Frameworks */ = {
			isa = PBXGroup;
			children = (
			);
			name = Frameworks;
			sourceTree = "<group>";
		};
/* End PBXGroup section */

/* Begin PBXNativeTarget section */
		1FC8349927E31FC300DA180C /* DadJokes */ = {
			isa = PBXNativeTarget;
			buildConfigurationList = 1FC834B127E31FC400DA180C /* Build configuration list for PBXNativeTarget "DadJokes" */;
			buildPhases = (
				1FC8349627E31FC300DA180C /* Sources */,
				1FC8349727E31FC300DA180C /* Frameworks */,
				1FC8349827E31FC300DA180C /* Resources */,
				1F60600C27F5CC5700EF2551 /* SwiftLint */,
			);
			buildRules = (
			);
			dependencies = (
				A5B307E72819484800210C2E /* PBXTargetDependency */,
				A5B307E92819484800210C2E /* PBXTargetDependency */,
				A5B307E5281947C600210C2E /* PBXTargetDependency */,
			);
			name = DadJokes;
			packageProductDependencies = (
				A5B307DC2818229D00210C2E /* CoreLayer */,
				A5B307DE2818229D00210C2E /* DatabaseLayer */,
				A5B307E02818229D00210C2E /* NetworkLayer */,
			);
			productName = DadJokes;
			productReference = 1FC8349A27E31FC300DA180C /* Dad Jokes.app */;
			productType = "com.apple.product-type.application";
		};
/* End PBXNativeTarget section */

/* Begin PBXProject section */
		1FC8349227E31FC300DA180C /* Project object */ = {
			isa = PBXProject;
			attributes = {
				BuildIndependentTargetsInParallel = 1;
				LastSwiftUpdateCheck = 1320;
				LastUpgradeCheck = 1320;
				TargetAttributes = {
					1FC8349927E31FC300DA180C = {
						CreatedOnToolsVersion = 13.2.1;
					};
				};
			};
			buildConfigurationList = 1FC8349527E31FC300DA180C /* Build configuration list for PBXProject "DadJokes" */;
			compatibilityVersion = "Xcode 13.0";
			developmentRegion = en;
			hasScannedForEncodings = 0;
			knownRegions = (
				en,
				Base,
			);
			mainGroup = 1FC8349127E31FC300DA180C;
			productRefGroup = 1FC8349B27E31FC300DA180C /* Products */;
			projectDirPath = "";
			projectRoot = "";
			targets = (
				1FC8349927E31FC300DA180C /* DadJokes */,
			);
		};
/* End PBXProject section */

/* Begin PBXResourcesBuildPhase section */
		1FC8349827E31FC300DA180C /* Resources */ = {
			isa = PBXResourcesBuildPhase;
			buildActionMask = 2147483647;
			files = (
				1FC834AD27E31FC400DA180C /* LaunchScreen.storyboard in Resources */,
				1FC834AA27E31FC400DA180C /* Assets.xcassets in Resources */,
				1FC834A527E31FC300DA180C /* Main.storyboard in Resources */,
			);
			runOnlyForDeploymentPostprocessing = 0;
		};
/* End PBXResourcesBuildPhase section */

/* Begin PBXShellScriptBuildPhase section */
		1F60600C27F5CC5700EF2551 /* SwiftLint */ = {
			isa = PBXShellScriptBuildPhase;
			buildActionMask = 2147483647;
			files = (
			);
			inputFileListPaths = (
			);
			inputPaths = (
			);
			name = SwiftLint;
			outputFileListPaths = (
			);
			outputPaths = (
			);
			runOnlyForDeploymentPostprocessing = 0;
			shellPath = /bin/sh;
			shellScript = "if test -d \"/opt/homebrew/bin/\"; then\n  PATH=\"/opt/homebrew/bin/:${PATH}\"\nfi\nif which swiftlint >/dev/null; then\n  swiftlint\nelse\n  echo \"warning: SwiftLint not installed, download from https://github.com/realm/SwiftLint\"\nfi\n";
		};
/* End PBXShellScriptBuildPhase section */

/* Begin PBXSourcesBuildPhase section */
		1FC8349627E31FC300DA180C /* Sources */ = {
			isa = PBXSourcesBuildPhase;
			buildActionMask = 2147483647;
			files = (
				A5B307E32818282D00210C2E /* ServiceContainer.swift in Sources */,
				1F5532E9280411B5006B0EC7 /* UIViewController+ErrorAlert.swift in Sources */,
				1FC834A227E31FC300DA180C /* DadJokeViewController.swift in Sources */,
				1F833D6C27FDB4A2000DF4EA /* FavoritesTableViewController.swift in Sources */,
				1F5532ED280415CB006B0EC7 /* RootViewController.swift in Sources */,
				1FC8349E27E31FC300DA180C /* AppDelegate.swift in Sources */,
				1FC834A027E31FC300DA180C /* SceneDelegate.swift in Sources */,
				1F60600327F5A75300EF2551 /* UIActivityIndicatorView+Visibility.swift in Sources */,
				1F5532E5280354F1006B0EC7 /* GlobalFunctions.swift in Sources */,
				1F5532F0280449DD006B0EC7 /* ViewControllerFactory.swift in Sources */,
			);
			runOnlyForDeploymentPostprocessing = 0;
		};
/* End PBXSourcesBuildPhase section */

/* Begin PBXTargetDependency section */
		A5B307E5281947C600210C2E /* PBXTargetDependency */ = {
			isa = PBXTargetDependency;
			productRef = A5B307E4281947C600210C2E /* CoreLayer */;
		};
		A5B307E72819484800210C2E /* PBXTargetDependency */ = {
			isa = PBXTargetDependency;
			productRef = A5B307E62819484800210C2E /* DatabaseLayer */;
		};
		A5B307E92819484800210C2E /* PBXTargetDependency */ = {
			isa = PBXTargetDependency;
			productRef = A5B307E82819484800210C2E /* NetworkLayer */;
		};
/* End PBXTargetDependency section */

/* Begin PBXVariantGroup section */
		1FC834A327E31FC300DA180C /* Main.storyboard */ = {
			isa = PBXVariantGroup;
			children = (
				1FC834A427E31FC300DA180C /* Base */,
			);
			name = Main.storyboard;
			sourceTree = "<group>";
		};
		1FC834AB27E31FC400DA180C /* LaunchScreen.storyboard */ = {
			isa = PBXVariantGroup;
			children = (
				1FC834AC27E31FC400DA180C /* Base */,
			);
			name = LaunchScreen.storyboard;
			sourceTree = "<group>";
		};
/* End PBXVariantGroup section */

/* Begin XCBuildConfiguration section */
		1FC834AF27E31FC400DA180C /* Debug */ = {
			isa = XCBuildConfiguration;
			buildSettings = {
				ALWAYS_SEARCH_USER_PATHS = NO;
				CLANG_ANALYZER_NONNULL = YES;
				CLANG_ANALYZER_NUMBER_OBJECT_CONVERSION = YES_AGGRESSIVE;
				CLANG_CXX_LANGUAGE_STANDARD = "gnu++17";
				CLANG_CXX_LIBRARY = "libc++";
				CLANG_ENABLE_MODULES = YES;
				CLANG_ENABLE_OBJC_ARC = YES;
				CLANG_ENABLE_OBJC_WEAK = YES;
				CLANG_WARN_BLOCK_CAPTURE_AUTORELEASING = YES;
				CLANG_WARN_BOOL_CONVERSION = YES;
				CLANG_WARN_COMMA = YES;
				CLANG_WARN_CONSTANT_CONVERSION = YES;
				CLANG_WARN_DEPRECATED_OBJC_IMPLEMENTATIONS = YES;
				CLANG_WARN_DIRECT_OBJC_ISA_USAGE = YES_ERROR;
				CLANG_WARN_DOCUMENTATION_COMMENTS = YES;
				CLANG_WARN_EMPTY_BODY = YES;
				CLANG_WARN_ENUM_CONVERSION = YES;
				CLANG_WARN_INFINITE_RECURSION = YES;
				CLANG_WARN_INT_CONVERSION = YES;
				CLANG_WARN_NON_LITERAL_NULL_CONVERSION = YES;
				CLANG_WARN_OBJC_IMPLICIT_RETAIN_SELF = YES;
				CLANG_WARN_OBJC_LITERAL_CONVERSION = YES;
				CLANG_WARN_OBJC_ROOT_CLASS = YES_ERROR;
				CLANG_WARN_QUOTED_INCLUDE_IN_FRAMEWORK_HEADER = YES;
				CLANG_WARN_RANGE_LOOP_ANALYSIS = YES;
				CLANG_WARN_STRICT_PROTOTYPES = YES;
				CLANG_WARN_SUSPICIOUS_MOVE = YES;
				CLANG_WARN_UNGUARDED_AVAILABILITY = YES_AGGRESSIVE;
				CLANG_WARN_UNREACHABLE_CODE = YES;
				CLANG_WARN__DUPLICATE_METHOD_MATCH = YES;
				COPY_PHASE_STRIP = NO;
				DEBUG_INFORMATION_FORMAT = dwarf;
				ENABLE_STRICT_OBJC_MSGSEND = YES;
				ENABLE_TESTABILITY = YES;
				GCC_C_LANGUAGE_STANDARD = gnu11;
				GCC_DYNAMIC_NO_PIC = NO;
				GCC_NO_COMMON_BLOCKS = YES;
				GCC_OPTIMIZATION_LEVEL = 0;
				GCC_PREPROCESSOR_DEFINITIONS = (
					"DEBUG=1",
					"$(inherited)",
				);
				GCC_WARN_64_TO_32_BIT_CONVERSION = YES;
				GCC_WARN_ABOUT_RETURN_TYPE = YES_ERROR;
				GCC_WARN_UNDECLARED_SELECTOR = YES;
				GCC_WARN_UNINITIALIZED_AUTOS = YES_AGGRESSIVE;
				GCC_WARN_UNUSED_FUNCTION = YES;
				GCC_WARN_UNUSED_VARIABLE = YES;
				IPHONEOS_DEPLOYMENT_TARGET = 15.0;
				MTL_ENABLE_DEBUG_INFO = INCLUDE_SOURCE;
				MTL_FAST_MATH = YES;
				ONLY_ACTIVE_ARCH = YES;
				SDKROOT = iphoneos;
				SWIFT_ACTIVE_COMPILATION_CONDITIONS = DEBUG;
				SWIFT_OPTIMIZATION_LEVEL = "-Onone";
			};
			name = Debug;
		};
		1FC834B027E31FC400DA180C /* Release */ = {
			isa = XCBuildConfiguration;
			buildSettings = {
				ALWAYS_SEARCH_USER_PATHS = NO;
				CLANG_ANALYZER_NONNULL = YES;
				CLANG_ANALYZER_NUMBER_OBJECT_CONVERSION = YES_AGGRESSIVE;
				CLANG_CXX_LANGUAGE_STANDARD = "gnu++17";
				CLANG_CXX_LIBRARY = "libc++";
				CLANG_ENABLE_MODULES = YES;
				CLANG_ENABLE_OBJC_ARC = YES;
				CLANG_ENABLE_OBJC_WEAK = YES;
				CLANG_WARN_BLOCK_CAPTURE_AUTORELEASING = YES;
				CLANG_WARN_BOOL_CONVERSION = YES;
				CLANG_WARN_COMMA = YES;
				CLANG_WARN_CONSTANT_CONVERSION = YES;
				CLANG_WARN_DEPRECATED_OBJC_IMPLEMENTATIONS = YES;
				CLANG_WARN_DIRECT_OBJC_ISA_USAGE = YES_ERROR;
				CLANG_WARN_DOCUMENTATION_COMMENTS = YES;
				CLANG_WARN_EMPTY_BODY = YES;
				CLANG_WARN_ENUM_CONVERSION = YES;
				CLANG_WARN_INFINITE_RECURSION = YES;
				CLANG_WARN_INT_CONVERSION = YES;
				CLANG_WARN_NON_LITERAL_NULL_CONVERSION = YES;
				CLANG_WARN_OBJC_IMPLICIT_RETAIN_SELF = YES;
				CLANG_WARN_OBJC_LITERAL_CONVERSION = YES;
				CLANG_WARN_OBJC_ROOT_CLASS = YES_ERROR;
				CLANG_WARN_QUOTED_INCLUDE_IN_FRAMEWORK_HEADER = YES;
				CLANG_WARN_RANGE_LOOP_ANALYSIS = YES;
				CLANG_WARN_STRICT_PROTOTYPES = YES;
				CLANG_WARN_SUSPICIOUS_MOVE = YES;
				CLANG_WARN_UNGUARDED_AVAILABILITY = YES_AGGRESSIVE;
				CLANG_WARN_UNREACHABLE_CODE = YES;
				CLANG_WARN__DUPLICATE_METHOD_MATCH = YES;
				COPY_PHASE_STRIP = NO;
				DEBUG_INFORMATION_FORMAT = "dwarf-with-dsym";
				ENABLE_NS_ASSERTIONS = NO;
				ENABLE_STRICT_OBJC_MSGSEND = YES;
				GCC_C_LANGUAGE_STANDARD = gnu11;
				GCC_NO_COMMON_BLOCKS = YES;
				GCC_WARN_64_TO_32_BIT_CONVERSION = YES;
				GCC_WARN_ABOUT_RETURN_TYPE = YES_ERROR;
				GCC_WARN_UNDECLARED_SELECTOR = YES;
				GCC_WARN_UNINITIALIZED_AUTOS = YES_AGGRESSIVE;
				GCC_WARN_UNUSED_FUNCTION = YES;
				GCC_WARN_UNUSED_VARIABLE = YES;
				IPHONEOS_DEPLOYMENT_TARGET = 15.0;
				MTL_ENABLE_DEBUG_INFO = NO;
				MTL_FAST_MATH = YES;
				SDKROOT = iphoneos;
				SWIFT_COMPILATION_MODE = wholemodule;
				SWIFT_OPTIMIZATION_LEVEL = "-O";
				VALIDATE_PRODUCT = YES;
			};
			name = Release;
		};
		1FC834B227E31FC400DA180C /* Debug */ = {
			isa = XCBuildConfiguration;
			buildSettings = {
				ASSETCATALOG_COMPILER_APPICON_NAME = AppIcon;
				ASSETCATALOG_COMPILER_GLOBAL_ACCENT_COLOR_NAME = AccentColor;
				CODE_SIGN_IDENTITY = "Apple Development";
				CODE_SIGN_STYLE = Automatic;
				CURRENT_PROJECT_VERSION = 1;
				DEVELOPMENT_TEAM = D6KCZLZZNE;
				GENERATE_INFOPLIST_FILE = YES;
				INFOPLIST_FILE = DadJokes/Info.plist;
				INFOPLIST_KEY_UIApplicationSupportsIndirectInputEvents = YES;
				INFOPLIST_KEY_UILaunchStoryboardName = LaunchScreen;
				INFOPLIST_KEY_UISupportedInterfaceOrientations_iPad = "UIInterfaceOrientationPortrait UIInterfaceOrientationPortraitUpsideDown UIInterfaceOrientationLandscapeLeft UIInterfaceOrientationLandscapeRight";
				INFOPLIST_KEY_UISupportedInterfaceOrientations_iPhone = "UIInterfaceOrientationPortrait UIInterfaceOrientationLandscapeLeft UIInterfaceOrientationLandscapeRight";
				IPHONEOS_DEPLOYMENT_TARGET = 15.0;
				LD_RUNPATH_SEARCH_PATHS = (
					"$(inherited)",
					"@executable_path/Frameworks",
				);
				MARKETING_VERSION = 1.0;
				PRODUCT_BUNDLE_IDENTIFIER = com.alexshep.DadJokes;
				PRODUCT_NAME = "Dad Jokes";
				PROVISIONING_PROFILE_SPECIFIER = "";
				SWIFT_EMIT_LOC_STRINGS = YES;
				SWIFT_VERSION = 5.0;
				TARGETED_DEVICE_FAMILY = "1,2";
			};
			name = Debug;
		};
		1FC834B327E31FC400DA180C /* Release */ = {
			isa = XCBuildConfiguration;
			buildSettings = {
				ASSETCATALOG_COMPILER_APPICON_NAME = AppIcon;
				ASSETCATALOG_COMPILER_GLOBAL_ACCENT_COLOR_NAME = AccentColor;
				CODE_SIGN_IDENTITY = "Apple Development";
				CODE_SIGN_STYLE = Automatic;
				CURRENT_PROJECT_VERSION = 1;
				DEVELOPMENT_TEAM = D6KCZLZZNE;
				GENERATE_INFOPLIST_FILE = YES;
				INFOPLIST_FILE = DadJokes/Info.plist;
				INFOPLIST_KEY_UIApplicationSupportsIndirectInputEvents = YES;
				INFOPLIST_KEY_UILaunchStoryboardName = LaunchScreen;
				INFOPLIST_KEY_UISupportedInterfaceOrientations_iPad = "UIInterfaceOrientationPortrait UIInterfaceOrientationPortraitUpsideDown UIInterfaceOrientationLandscapeLeft UIInterfaceOrientationLandscapeRight";
				INFOPLIST_KEY_UISupportedInterfaceOrientations_iPhone = "UIInterfaceOrientationPortrait UIInterfaceOrientationLandscapeLeft UIInterfaceOrientationLandscapeRight";
				IPHONEOS_DEPLOYMENT_TARGET = 15.0;
				LD_RUNPATH_SEARCH_PATHS = (
					"$(inherited)",
					"@executable_path/Frameworks",
				);
				MARKETING_VERSION = 1.0;
				PRODUCT_BUNDLE_IDENTIFIER = com.alexshep.DadJokes;
				PRODUCT_NAME = "Dad Jokes";
				PROVISIONING_PROFILE_SPECIFIER = "";
				SWIFT_EMIT_LOC_STRINGS = YES;
				SWIFT_VERSION = 5.0;
				TARGETED_DEVICE_FAMILY = "1,2";
			};
			name = Release;
		};
/* End XCBuildConfiguration section */

/* Begin XCConfigurationList section */
		1FC8349527E31FC300DA180C /* Build configuration list for PBXProject "DadJokes" */ = {
			isa = XCConfigurationList;
			buildConfigurations = (
				1FC834AF27E31FC400DA180C /* Debug */,
				1FC834B027E31FC400DA180C /* Release */,
			);
			defaultConfigurationIsVisible = 0;
			defaultConfigurationName = Release;
		};
		1FC834B127E31FC400DA180C /* Build configuration list for PBXNativeTarget "DadJokes" */ = {
			isa = XCConfigurationList;
			buildConfigurations = (
				1FC834B227E31FC400DA180C /* Debug */,
				1FC834B327E31FC400DA180C /* Release */,
			);
			defaultConfigurationIsVisible = 0;
			defaultConfigurationName = Release;
		};
/* End XCConfigurationList section */

/* Begin XCSwiftPackageProductDependency section */
		A5B307DC2818229D00210C2E /* CoreLayer */ = {
			isa = XCSwiftPackageProductDependency;
			productName = CoreLayer;
		};
		A5B307DE2818229D00210C2E /* DatabaseLayer */ = {
			isa = XCSwiftPackageProductDependency;
			productName = DatabaseLayer;
		};
		A5B307E02818229D00210C2E /* NetworkLayer */ = {
			isa = XCSwiftPackageProductDependency;
			productName = NetworkLayer;
		};
		A5B307E4281947C600210C2E /* CoreLayer */ = {
			isa = XCSwiftPackageProductDependency;
			productName = CoreLayer;
		};
		A5B307E62819484800210C2E /* DatabaseLayer */ = {
			isa = XCSwiftPackageProductDependency;
			productName = DatabaseLayer;
		};
		A5B307E82819484800210C2E /* NetworkLayer */ = {
			isa = XCSwiftPackageProductDependency;
			productName = NetworkLayer;
		};
/* End XCSwiftPackageProductDependency section */
	};
	rootObject = 1FC8349227E31FC300DA180C /* Project object */;
}
